{
  "name": "@radishnexus/document-editor-experiment",
  "version": "0.0.0",
  "lockfileVersion": 3,
  "requires": true,
  "packages": {
    "": {
      "name": "@radishnexus/document-editor-experiment",
      "version": "0.0.0",
      "license": "SEE LICENSE IN ../../LICENSE",
      "dependencies": {
        "@lexical/code": "0.50.0",
        "@lexical/headless": "0.50.0",
        "@lexical/link": "0.50.0",
        "@lexical/list": "0.50.0",
        "@lexical/markdown": "0.50.0",
        "@lexical/rich-text": "0.50.0",
        "@tiptap/core": "3.31.2",
        "@tiptap/markdown": "3.31.2",
        "@tiptap/pm": "3.31.2",
        "@tiptap/starter-kit": "3.31.2",
        "lexical": "0.50.0"
      },
      "engines": {
        "node": ">=24.11.0 <25",
        "npm": ">=11.6.0 <12"
      }
    },
    "node_modules/@lexical/a11y": {
      "version": "0.50.0",
      "resolved": "https://registry.npmjs.org/@lexical/a11y/-/a11y-0.50.0.tgz",
      "integrity": "sha512-qxEe+ZOeti/jueuVTx0fNc0GO8aD6OOBLP6z48VP2ACJkEW+jI15bidI9rfT+FHpDnmWCmYChHUiVL477q6JeQ==",
      "license": "MIT",
      "dependencies": {
        "@lexical/extension": "0.50.0",
        "@lexical/utils": "0.50.0",
        "lexical": "0.50.0"
      },
      "peerDependencies": {
        "typescript": ">=5.2"
      },
      "peerDependenciesMeta": {
        "typescript": {
          "optional": true
        }
      }
    },
    "node_modules/@lexical/clipboard": {
      "version": "0.50.0",
      "resolved": "https://registry.npmjs.org/@lexical/clipboard/-/clipboard-0.50.0.tgz",
      "integrity": "sha512-Sb+bDluH0JZNRrSURIfry2ZwdkQPTSRMtpV6XHRRKMFh86o4KcR9PMbfSdaGxZOHctHNabTp0JRmkpt/zrItjQ==",
      "license": "MIT",
      "dependencies": {
        "@lexical/extension": "0.50.0",
        "@lexical/html": "0.50.0",
        "@lexical/internal": "0.50.0",
        "@lexical/list": "0.50.0",
        "@lexical/selection": "0.50.0",
        "@lexical/utils": "0.50.0",
        "@types/trusted-types": "^2.0.7",
        "lexical": "0.50.0"
      },
      "peerDependencies": {
        "typescript": ">=5.2"
      },
      "peerDependenciesMeta": {
        "typescript": {
          "optional": true
        }
      }
    },
    "node_modules/@lexical/code": {
      "version": "0.50.0",
      "resolved": "https://registry.npmjs.org/@lexical/code/-/code-0.50.0.tgz",
      "integrity": "sha512-PGvdBkUj8et2Beb4/SQyNl3c/NAIpUuDICrevSE5YfQD+lUEZ3EtVwMcbk0nNs7OEPX6ner6lW69wnzd0LdM6g==",
      "license": "MIT",
      "dependencies": {
        "@lexical/code-core": "0.50.0",
        "@lexical/code-prism": "0.50.0",
        "@lexical/extension": "0.50.0",
        "lexical": "0.50.0"
      },
      "peerDependencies": {
        "typescript": ">=5.2"
      },
      "peerDependenciesMeta": {
        "typescript": {
          "optional": true
        }
      }
    },
    "node_modules/@lexical/code-core": {
      "version": "0.50.0",
      "resolved": "https://registry.npmjs.org/@lexical/code-core/-/code-core-0.50.0.tgz",
      "integrity": "sha512-0KPTDmcPL/4ObLy5N/yFo+t6l/bHE63NODPOsyUN1NACc62i0Pc8NXGwo4xhaLcpgIRDiN1ABZ+h3AVLp5GlWQ==",
      "license": "MIT",
      "dependencies": {
        "@lexical/extension": "0.50.0",
        "@lexical/html": "0.50.0",
        "@lexical/internal": "0.50.0",
        "@lexical/utils": "0.50.0",
        "lexical": "0.50.0"
      },
      "peerDependencies": {
        "typescript": ">=5.2"
      },
      "peerDependenciesMeta": {
        "typescript": {
          "optional": true
        }
      }
    },
    "node_modules/@lexical/code-prism": {
      "version": "0.50.0",
      "resolved": "https://registry.npmjs.org/@lexical/code-prism/-/code-prism-0.50.0.tgz",
      "integrity": "sha512-NlxV1hcDseqB6xmbnBHTENrEsbAkp+MsjVtc7lo6gZ+1sEsX88dS1OiYXDIcLldhNt7zGU4ASX9zPE1WruX9bA==",
      "license": "MIT",
      "dependencies": {
        "@lexical/code-core": "0.50.0",
        "@lexical/extension": "0.50.0",
        "lexical": "0.50.0",
        "prismjs": "^1.30.0"
      },
      "peerDependencies": {
        "typescript": ">=5.2"
      },
      "peerDependenciesMeta": {
        "typescript": {
          "optional": true
        }
      }
    },
    "node_modules/@lexical/dragon": {
      "version": "0.50.0",
      "resolved": "https://registry.npmjs.org/@lexical/dragon/-/dragon-0.50.0.tgz",
      "integrity": "sha512-JX+uzkRn4QLIljS6bWS93Vg1TYIohTP7TXP2mUz6RrxW+x8iqzJuaAR8tjN4SkpCTxI8VpBNWFU8d6B7I9qnXg==",
      "license": "MIT",
      "dependencies": {
        "@lexical/extension": "0.50.0",
        "lexical": "0.50.0"
      },
      "peerDependencies": {
        "typescript": ">=5.2"
      },
      "peerDependenciesMeta": {
        "typescript": {
          "optional": true
        }
      }
    },
    "node_modules/@lexical/extension": {
      "version": "0.50.0",
      "resolved": "https://registry.npmjs.org/@lexical/extension/-/extension-0.50.0.tgz",
      "integrity": "sha512-iktLl+eLOVT6hE4BOy2GIQeuIOmsksWoPDT9WhEkIlV5IEM/OBLGAzO23Q2G0UV89tXDq1wKa4p6vwLWlCHWLA==",
      "license": "MIT",
      "dependencies": {
        "@lexical/internal": "0.50.0",
        "@lexical/utils": "0.50.0",
        "@preact/signals-core": "^1.14.1",
        "lexical": "0.50.0"
      },
      "peerDependencies": {
        "typescript": ">=5.2"
      },
      "peerDependenciesMeta": {
        "typescript": {
          "optional": true
        }
      }
    },
    "node_modules/@lexical/headless": {
      "version": "0.50.0",
      "resolved": "https://registry.npmjs.org/@lexical/headless/-/headless-0.50.0.tgz",
      "integrity": "sha512-UkJsks5yNZFiBvlr1SM6M6n4D66Tayj7R3ylxpaL/gXbKgOCMUz06Q57QhMIRqaSGGiSIrzZw1Ge5WZE70imGg==",
      "license": "MIT",
      "dependencies": {
        "@lexical/internal": "0.50.0",
        "happy-dom": "^20.9.0",
        "lexical": "0.50.0"
      },
      "peerDependencies": {
        "typescript": ">=5.2"
      },
      "peerDependenciesMeta": {
        "typescript": {
          "optional": true
        }
      }
    },
    "node_modules/@lexical/html": {
      "version": "0.50.0",
      "resolved": "https://registry.npmjs.org/@lexical/html/-/html-0.50.0.tgz",
      "integrity": "sha512-vMdMWvOyD9EXljNCJk3thms/WEBMUR0rLLaJdzcOk/CwUiAv1KPopGp/8vW0zFmnu42n5i9ufERv0BZ/UGzZMw==",
      "license": "MIT",
      "dependencies": {
        "@lexical/extension": "0.50.0",
        "@lexical/internal": "0.50.0",
        "@lexical/selection": "0.50.0",
        "@lexical/utils": "0.50.0",
        "lexical": "0.50.0"
      },
      "peerDependencies": {
        "typescript": ">=5.2"
      },
      "peerDependenciesMeta": {
        "typescript": {
          "optional": true
        }
      }
    },
    "node_modules/@lexical/internal": {
      "version": "0.50.0",
      "resolved": "https://registry.npmjs.org/@lexical/internal/-/internal-0.50.0.tgz",
      "integrity": "sha512-FGfEKY1L1aIHEh/O+RcRxeLRQV0g95MuU5b26YuzGGyd0IX90pliK9bVph54OaqDdS1AQ0MEVEFGXfSXaGJzxg==",
      "license": "MIT",
      "peerDependencies": {
        "typescript": ">=5.2"
      },
      "peerDependenciesMeta": {
        "typescript": {
          "optional": true
        }
      }
    },
    "node_modules/@lexical/link": {
      "version": "0.50.0",
      "resolved": "https://registry.npmjs.org/@lexical/link/-/link-0.50.0.tgz",
      "integrity": "sha512-J/Wn7+XzW3Tm56RKCaHeISPIRJrWaSywGasna7yaMwvZykTM9JS5D/bzPCg0pCCxw8qsPeRX29oDQ+nUEixmUA==",
      "license": "MIT",
      "dependencies": {
        "@lexical/a11y": "0.50.0",
        "@lexical/extension": "0.50.0",
        "@lexical/html": "0.50.0",
        "@lexical/internal": "0.50.0",
        "@lexical/utils": "0.50.0",
        "lexical": "0.50.0"
      },
      "peerDependencies": {
        "typescript": ">=5.2"
      },
      "peerDependenciesMeta": {
        "typescript": {
          "optional": true
        }
      }
    },
    "node_modules/@lexical/list": {
      "version": "0.50.0",
      "resolved": "https://registry.npmjs.org/@lexical/list/-/list-0.50.0.tgz",
      "integrity": "sha512-eSGU10DUqS+seXkGfTVGJ475M4scdaDE15Vk52nuYODhi0lbO6zNbIoDDGKxaxvzs/CfrHHT3AUGYmruIp/LPw==",
      "license": "MIT",
      "dependencies": {
        "@lexical/extension": "0.50.0",
        "@lexical/html": "0.50.0",
        "@lexical/internal": "0.50.0",
        "@lexical/utils": "0.50.0",
        "lexical": "0.50.0"
      },
      "peerDependencies": {
        "typescript": ">=5.2"
      },
      "peerDependenciesMeta": {
        "typescript": {
          "optional": true
        }
      }
    },
    "node_modules/@lexical/markdown": {
      "version": "0.50.0",
      "resolved": "https://registry.npmjs.org/@lexical/markdown/-/markdown-0.50.0.tgz",
      "integrity": "sha512-H2z7Eed7sVCX+K/UmULqPCpkB5Ch86+/vRHs+VCe7xmDkvBRYZQmErUqx14cV7QwcrQ+wclcDlCojJTUh5MBOQ==",
      "license": "MIT",
      "dependencies": {
        "@lexical/code-core": "0.50.0",
        "@lexical/internal": "0.50.0",
        "@lexical/link": "0.50.0",
        "@lexical/list": "0.50.0",
        "@lexical/rich-text": "0.50.0",
        "@lexical/selection": "0.50.0",
        "@lexical/text": "0.50.0",
        "@lexical/utils": "0.50.0",
        "lexical": "0.50.0"
      },
      "peerDependencies": {
        "typescript": ">=5.2"
      },
      "peerDependenciesMeta": {
        "typescript": {
          "optional": true
        }
      }
    },
    "node_modules/@lexical/rich-text": {
      "version": "0.50.0",
      "resolved": "https://registry.npmjs.org/@lexical/rich-text/-/rich-text-0.50.0.tgz",
      "integrity": "sha512-4EDspglulL6zHlV53Azsq4OduRunJqyrDkldZ8ekrE8ujHhvu2UB3Utzq98Z8TSIllFPvNKmW0Qp/9lJ7378Ag==",
      "license": "MIT",
      "dependencies": {
        "@lexical/a11y": "0.50.0",
        "@lexical/clipboard": "0.50.0",
        "@lexical/dragon": "0.50.0",
        "@lexical/extension": "0.50.0",
        "@lexical/html": "0.50.0",
        "@lexical/selection": "0.50.0",
        "@lexical/utils": "0.50.0",
        "lexical": "0.50.0"
      },
      "peerDependencies": {
        "typescript": ">=5.2"
      },
      "peerDependenciesMeta": {
        "typescript": {
          "optional": true
        }
      }
    },
    "node_modules/@lexical/selection": {
      "version": "0.50.0",
      "resolved": "https://registry.npmjs.org/@lexical/selection/-/selection-0.50.0.tgz",
      "integrity": "sha512-Lu4W+Ht7xd3+R8fXorzsl1LbDMF7UALgvh0LA/nbY5qlmozEyfHr1z4oaV4HAzXN5F8NxSrxCfDEXt5EHU1bfA==",
      "license": "MIT",
      "dependencies": {
        "@lexical/internal": "0.50.0",
        "lexical": "0.50.0"
      },
      "peerDependencies": {
        "typescript": ">=5.2"
      },
      "peerDependenciesMeta": {
        "typescript": {
          "optional": true
        }
      }
    },
    "node_modules/@lexical/text": {
      "version": "0.50.0",
      "resolved": "https://registry.npmjs.org/@lexical/text/-/text-0.50.0.tgz",
      "integrity": "sha512-K2bf6NfzS+PutNrrNlWr47kZx34fCYyiX1vPT4a1/sob8LsGrYwy9mseyFFlNYDlWSP2U/xIKLv2JuaYZX8ohw==",
      "license": "MIT",
      "dependencies": {
        "@lexical/internal": "0.50.0",
        "lexical": "0.50.0"
      },
      "peerDependencies": {
        "typescript": ">=5.2"
      },
      "peerDependenciesMeta": {
        "typescript": {
          "optional": true
        }
      }
    },
    "node_modules/@lexical/utils": {
      "version": "0.50.0",
      "resolved": "https://registry.npmjs.org/@lexical/utils/-/utils-0.50.0.tgz",
      "integrity": "sha512-iFEKYQufeCtx9I918SteutyMkEKlR6VNldovnCE2ue9ilfKMnj8ghhenMaLzRfslzttvMLrn8d9DP5TWysZqZw==",
      "license": "MIT",
      "dependencies": {
        "@lexical/internal": "0.50.0",
        "@lexical/selection": "0.50.0",
        "lexical": "0.50.0"
      },
      "peerDependencies": {
        "typescript": ">=5.2"
      },
      "peerDependenciesMeta": {
        "typescript": {
          "optional": true
        }
      }
    },
    "node_modules/@preact/signals-core": {
      "version": "1.14.4",
      "resolved": "https://registry.npmjs.org/@preact/signals-core/-/signals-core-1.14.4.tgz",
      "integrity": "sha512-HNB6HYeYKhQbJ1aKl+YRjrS4+QWHLKX6qKoUsfS/m0vqzsVaEBiZiaKbG/e+NKk2ch5ALQr/ihWaMHxiCuuWHA==",
      "license": "MIT",
      "funding": {
        "type": "opencollective",
        "url": "https://opencollective.com/preact"
      }
    },
    "node_modules/@tiptap/core": {
      "version": "3.31.2",
      "resolved": "https://registry.npmjs.org/@tiptap/core/-/core-3.31.2.tgz",
      "integrity": "sha512-TB+8pLk1k+fCpuPQ6vGNNhSRlvIiOks79oWGykCVut2nbRpQ8GsORP9VK6Eahj2fzdQA96UQMIcK7AxoOZG/2w==",
      "license": "MIT",
      "funding": {
        "type": "github",
        "url": "https://github.com/sponsors/ueberdosis"
      },
      "peerDependencies": {
        "@tiptap/pm": "3.31.2"
      }
    },
    "node_modules/@tiptap/extension-blockquote": {
      "version": "3.31.2",
      "resolved": "https://registry.npmjs.org/@tiptap/extension-blockquote/-/extension-blockquote-3.31.2.tgz",
      "integrity": "sha512-1pveNPdqlOp2rtjmJ0Mpo9g/P/B69NdVWgp+6wzvkB5Hz6CRx/SXbAFa4P3/QSQ7D1L9d4tKOmoY/ZsFiYvgkA==",
      "license": "MIT",
      "funding": {
        "type": "github",
        "url": "https://github.com/sponsors/ueberdosis"
      },
      "peerDependencies": {
        "@tiptap/core": "3.31.2",
        "@tiptap/pm": "3.31.2"
      }
    },
    "node_modules/@tiptap/extension-bold": {
      "version": "3.31.2",
      "resolved": "https://registry.npmjs.org/@tiptap/extension-bold/-/extension-bold-3.31.2.tgz",
      "integrity": "sha512-Bk9d3nOU2ApGG0ZBBYCQPIKQxIDLPG35DvoH8q4Pw2/lSS2v2FxesyTqoVJriYrECO3sUTiCXJlqvYoKNPthzA==",
      "license": "MIT",
      "funding": {
        "type": "github",
        "url": "https://github.com/sponsors/ueberdosis"
      },
      "peerDependencies": {
        "@tiptap/core": "3.31.2"
      }
    },
    "node_modules/@tiptap/extension-bullet-list": {
      "version": "3.31.2",
      "resolved": "https://registry.npmjs.org/@tiptap/extension-bullet-list/-/extension-bullet-list-3.31.2.tgz",
      "integrity": "sha512-o5TglfPwYZp/5NQ/fL8MG3k49na29pi2+10GS8kf+rqlYjVXKSI9MDu8GWssn0FZkr+BrIXWQAMtc56CbzJT4A==",
      "license": "MIT",
      "funding": {
        "type": "github",
        "url": "https://github.com/sponsors/ueberdosis"
      },
      "peerDependencies": {
        "@tiptap/extension-list": "3.31.2"
      }
    },
    "node_modules/@tiptap/extension-code": {
      "version": "3.31.2",
      "resolved": "https://registry.npmjs.org/@tiptap/extension-code/-/extension-code-3.31.2.tgz",
      "integrity": "sha512-oTYlWXk5GPK6BlbK77TNO5/JCGTcZ9SEAuQaPZCHGuGZQV1JT6uHRRH7e9LdPfiG4Qw8AtmKhPTMk6IQplf+ZQ==",
      "license": "MIT",
      "funding": {
        "type": "github",
        "url": "https://github.com/sponsors/ueberdosis"
      },
      "peerDependencies": {
        "@tiptap/core": "3.31.2"
      }
    },
    "node_modules/@tiptap/extension-code-block": {
      "version": "3.31.2",
      "resolved": "https://registry.npmjs.org/@tiptap/extension-code-block/-/extension-code-block-3.31.2.tgz",
      "integrity": "sha512-b1z3eJzuMNLConGnODliojJVV4vLN4LSZC1Rkebe85roFBnC8ROrSr3wwy5IALO4C18wW5fHeBufZCKO0EwVtQ==",
      "license": "MIT",
      "funding": {
        "type": "github",
        "url": "https://github.com/sponsors/ueberdosis"
      },
      "peerDependencies": {
        "@tiptap/core": "3.31.2",
        "@tiptap/pm": "3.31.2"
      }
    },
    "node_modules/@tiptap/extension-document": {
      "version": "3.31.2",
      "resolved": "https://registry.npmjs.org/@tiptap/extension-document/-/extension-document-3.31.2.tgz",
      "integrity": "sha512-YJ+bXwjS+5MOf/73m4ZVgOrrE7OOYqB6r3oYbAWCU8VxGFaNP5YA9a1HJgAYkc2hMmOZ6vqEHXPpaom0mGV7Lg==",
      "license": "MIT",
      "funding": {
        "type": "github",
        "url": "https://github.com/sponsors/ueberdosis"
      },
      "peerDependencies": {
        "@tiptap/core": "3.31.2"
      }
    },
    "node_modules/@tiptap/extension-dropcursor": {
      "version": "3.31.2",
      "resolved": "https://registry.npmjs.org/@tiptap/extension-dropcursor/-/extension-dropcursor-3.31.2.tgz",
      "integrity": "sha512-Vn/Wjp6D0O5rbf6JYi7jWSB1/mLsmlhAwIgFSa/wBMIqHtQ2Yza7O01sgaiErdVb1MkDY3k50KBAZcpeN6afXg==",
      "license": "MIT",
      "funding": {
        "type": "github",
        "url": "https://github.com/sponsors/ueberdosis"
      },
      "peerDependencies": {
        "@tiptap/extensions": "3.31.2"
      }
    },
    "node_modules/@tiptap/extension-gapcursor": {
      "version": "3.31.2",
      "resolved": "https://registry.npmjs.org/@tiptap/extension-gapcursor/-/extension-gapcursor-3.31.2.tgz",
      "integrity": "sha512-ko/iP3qFWc+uD+KrKcgpL5J0tlTmyMaD5E8Bu0f3Z1zloWyRprulxwWKFS95VJE7XTxRoXu+d6A6M6Ri2JUQRg==",
      "license": "MIT",
      "funding": {
        "type": "github",
        "url": "https://github.com/sponsors/ueberdosis"
      },
      "peerDependencies": {
        "@tiptap/extensions": "3.31.2"
      }
    },
    "node_modules/@tiptap/extension-hard-break": {
      "version": "3.31.2",
      "resolved": "https://registry.npmjs.org/@tiptap/extension-hard-break/-/extension-hard-break-3.31.2.tgz",
      "integrity": "sha512-hq8b0KwVufGtdNxxQXhVufhOAlNfrmU73fucNZvrZL+xhmhPzAkulByszsCneeY0MMtwzIyNtSiF0DBH6rgoPg==",
      "license": "MIT",
      "funding": {
        "type": "github",
        "url": "https://github.com/sponsors/ueberdosis"
      },
      "peerDependencies": {
        "@tiptap/core": "3.31.2"
      }
    },
    "node_modules/@tiptap/extension-heading": {
      "version": "3.31.2",
      "resolved": "https://registry.npmjs.org/@tiptap/extension-heading/-/extension-heading-3.31.2.tgz",
      "integrity": "sha512-TASYeQvg/M5ByvTFcVt2aZOJoU2f+H88W4MOq3gNNqORxuxmPEmiKUwJ2q1xjN71YqGy42b26onjoIr2ZU+iJQ==",
      "license": "MIT",
      "funding": {
        "type": "github",
        "url": "https://github.com/sponsors/ueberdosis"
      },
      "peerDependencies": {
        "@tiptap/core": "3.31.2"
      }
    },
    "node_modules/@tiptap/extension-horizontal-rule": {
      "version": "3.31.2",
      "resolved": "https://registry.npmjs.org/@tiptap/extension-horizontal-rule/-/extension-horizontal-rule-3.31.2.tgz",
      "integrity": "sha512-6ncBZCcwZc1/FJjfqZTWmFoGbHthNRWZcmKSKuDaljvNKwP5bHo2tLBOZXDJwY19DIjHqg/oBhI1mgxZxDR6LA==",
      "license": "MIT",
      "funding": {
        "type": "github",
        "url": "https://github.com/sponsors/ueberdosis"
      },
      "peerDependencies": {
        "@tiptap/core": "3.31.2",
        "@tiptap/pm": "3.31.2"
      }
    },
    "node_modules/@tiptap/extension-italic": {
      "version": "3.31.2",
      "resolved": "https://registry.npmjs.org/@tiptap/extension-italic/-/extension-italic-3.31.2.tgz",
      "integrity": "sha512-LdpaPdfYH0P0S9LVlsZTphzUEmJl8eT+ojruFYKyxHmKhsejs/ppVW+MaIiIiOiZx0gGtxmTMb+iPJ+hu30acg==",
      "license": "MIT",
      "funding": {
        "type": "github",
        "url": "https://github.com/sponsors/ueberdosis"
      },
      "peerDependencies": {
        "@tiptap/core": "3.31.2"
      }
    },
    "node_modules/@tiptap/extension-link": {
      "version": "3.31.2",
      "resolved": "https://registry.npmjs.org/@tiptap/extension-link/-/extension-link-3.31.2.tgz",
      "integrity": "sha512-9Cajqh7f5jDZtjF5lxnOvAeL80MLql9i362KW0L6RbFaK0+yKGhbkAN41DN2gN7OYtZKkmwop1vExPEvtbeo7Q==",
      "license": "MIT",
      "dependencies": {
        "linkifyjs": "^4.3.3"
      },
      "funding": {
        "type": "github",
        "url": "https://github.com/sponsors/ueberdosis"
      },
      "peerDependencies": {
        "@tiptap/core": "3.31.2",
        "@tiptap/pm": "3.31.2"
      }
    },
    "node_modules/@tiptap/extension-list": {
      "version": "3.31.2",
      "resolved": "https://registry.npmjs.org/@tiptap/extension-list/-/extension-list-3.31.2.tgz",
      "integrity": "sha512-uaGNd2r/urhV9IJnOqk8t1d4/y/OAR0Wt0D9jtiL2IWDDnkoKvsQKnLms75ajPNz03QM5hFfmil9wHOpbrkFzQ==",
      "license": "MIT",
      "funding": {
        "type": "github",
        "url": "https://github.com/sponsors/ueberdosis"
      },
      "peerDependencies": {
        "@tiptap/core": "3.31.2",
        "@tiptap/pm": "3.31.2"
      }
    },
    "node_modules/@tiptap/extension-list-item": {
      "version": "3.31.2",
      "resolved": "https://registry.npmjs.org/@tiptap/extension-list-item/-/extension-list-item-3.31.2.tgz",
      "integrity": "sha512-35eDm4/VtiqtVXD2cjYd+mzEm1WYOLLA9ZHdg6KRDyTMpfSI3NV64VNIakux1wlh4yQNocuWhMsCwDBVQ78vEQ==",
      "license": "MIT",
      "funding": {
        "type": "github",
        "url": "https://github.com/sponsors/ueberdosis"
      },
      "peerDependencies": {
        "@tiptap/extension-list": "3.31.2"
      }
    },
    "node_modules/@tiptap/extension-list-keymap": {
      "version": "3.31.2",
      "resolved": "https://registry.npmjs.org/@tiptap/extension-list-keymap/-/extension-list-keymap-3.31.2.tgz",
      "integrity": "sha512-t+k0QEuFzR/9yBIs36pQrCgfg2gLhJP06stS3k5wpIQrKhnOrJ0W6/vLeMmNzIUFE18ak+/zkLCCDHXaka2WtA==",
      "license": "MIT",
      "funding": {
        "type": "github",
        "url": "https://github.com/sponsors/ueberdosis"
      },
      "peerDependencies": {
        "@tiptap/extension-list": "3.31.2"
      }
    },
    "node_modules/@tiptap/extension-ordered-list": {
      "version": "3.31.2",
      "resolved": "https://registry.npmjs.org/@tiptap/extension-ordered-list/-/extension-ordered-list-3.31.2.tgz",
      "integrity": "sha512-E6PDRUx0bkyMq03E1BR/b62joaw2BaobnXh52MDE5y38YKxrmvmHJmXs/j1Ci6mADHfYsh6ZCSh+H3UjIMfhqQ==",
      "license": "MIT",
      "funding": {
        "type": "github",
        "url": "https://github.com/sponsors/ueberdosis"
      },
      "peerDependencies": {
        "@tiptap/extension-list": "3.31.2"
      }
    },
    "node_modules/@tiptap/extension-paragraph": {
      "version": "3.31.2",
      "resolved": "https://registry.npmjs.org/@tiptap/extension-paragraph/-/extension-paragraph-3.31.2.tgz",
      "integrity": "sha512-UKhRMSM0WAes+ULAj6JQi9Iq0rWodn1Hrxybqj+Ezi8AS3o8fa+K3CDRgqKb1TKuqOs1aMTJv1h7RbqOp5jnTw==",
      "license": "MIT",
      "funding": {
        "type": "github",
        "url": "https://github.com/sponsors/ueberdosis"
      },
      "peerDependencies": {
        "@tiptap/core": "3.31.2"
      }
    },
    "node_modules/@tiptap/extension-strike": {
      "version": "3.31.2",
      "resolved": "https://registry.npmjs.org/@tiptap/extension-strike/-/extension-strike-3.31.2.tgz",
      "integrity": "sha512-w78sCBkTihmKB21bdTKYfaLwiSW6Gzq+0TixlrOR90wR4uA2hN9v8ivDEaoLB4/wIMOQvbQsAwawg6XSMmahkQ==",
      "license": "MIT",
      "funding": {
        "type": "github",
        "url": "https://github.com/sponsors/ueberdosis"
      },
      "peerDependencies": {
        "@tiptap/core": "3.31.2"
      }
    },
    "node_modules/@tiptap/extension-text": {
      "version": "3.31.2",
      "resolved": "https://registry.npmjs.org/@tiptap/extension-text/-/extension-text-3.31.2.tgz",
      "integrity": "sha512-Ktr+Sn6fTpIUDfVp4GSZJZwoAFgM3yvav0+PT8LHYi7wFl96L9VtxDrT+c/Jx1iqpcH59NWDYcZKDiDGyV8M8w==",
      "license": "MIT",
      "funding": {
        "type": "github",
        "url": "https://github.com/sponsors/ueberdosis"
      },
      "peerDependencies": {
        "@tiptap/core": "3.31.2"
      }
    },
    "node_modules/@tiptap/extension-underline": {
      "version": "3.31.2",
      "resolved": "https://registry.npmjs.org/@tiptap/extension-underline/-/extension-underline-3.31.2.tgz",
      "integrity": "sha512-8XNTcr6+26rPOPdmycPRo1F+bSUdbXMkjm1Hy+iPdOXgVSzixSIGM9t/lYltsgx8WAoXzYezWJIPinDaUkAHBQ==",
      "license": "MIT",
      "funding": {
        "type": "github",
        "url": "https://github.com/sponsors/ueberdosis"
      },
      "peerDependencies": {
        "@tiptap/core": "3.31.2"
      }
    },
    "node_modules/@tiptap/extensions": {
      "version": "3.31.2",
      "resolved": "https://registry.npmjs.org/@tiptap/extensions/-/extensions-3.31.2.tgz",
      "integrity": "sha512-CTOs3DiSV+hY8ipLS4rdP7X7MJUaPnDR81ZiPWJunk3MP+UZeBey3L6v/ky0SbZYQzJcl5X115uNNYXsYaatJg==",
      "license": "MIT",
      "funding": {
        "type": "github",
        "url": "https://github.com/sponsors/ueberdosis"
      },
      "peerDependencies": {
        "@tiptap/core": "3.31.2",
        "@tiptap/pm": "3.31.2"
      }
    },
    "node_modules/@tiptap/markdown": {
      "version": "3.31.2",
      "resolved": "https://registry.npmjs.org/@tiptap/markdown/-/markdown-3.31.2.tgz",
      "integrity": "sha512-mSyy4nlqVBXW4cP6ZYVAFfizwBhUDqFo7lRyRBF8vcBYXi3SpGkqFeNs9BcoJ6TRpPzocDnqt/+zcSBA8BXcaQ==",
      "license": "MIT",
      "dependencies": {
        "marked": "^17.0.1"
      },
      "funding": {
        "type": "github",
        "url": "https://github.com/sponsors/ueberdosis"
      },
      "peerDependencies": {
        "@tiptap/core": "3.31.2",
        "@tiptap/pm": "3.31.2"
      }
    },
    "node_modules/@tiptap/pm": {
      "version": "3.31.2",
      "resolved": "https://registry.npmjs.org/@tiptap/pm/-/pm-3.31.2.tgz",
      "integrity": "sha512-4OU/7ZIhA2ZfENB9c6TDRrjQJb+SoEwQmZSuy1Wyx4fNcGAN7+SPPICc0Hew1d7VlDgiJ2dKt6oa8iluSAsMBQ==",
      "license": "MIT",
      "dependencies": {
        "prosemirror-changeset": "^2.4.1",
        "prosemirror-commands": "^1.7.1",
        "prosemirror-dropcursor": "^1.8.2",
        "prosemirror-gapcursor": "^1.4.1",
        "prosemirror-history": "^1.5.0",
        "prosemirror-inputrules": "^1.5.1",
        "prosemirror-keymap": "^1.2.3",
        "prosemirror-model": "^1.25.11",
        "prosemirror-schema-list": "^1.5.1",
        "prosemirror-state": "^1.4.4",
        "prosemirror-tables": "^1.8.5",
        "prosemirror-transform": "^1.12.0",
        "prosemirror-view": "^1.42.3"
      },
      "funding": {
        "type": "github",
        "url": "https://github.com/sponsors/ueberdosis"
      }
    },
    "node_modules/@tiptap/starter-kit": {
      "version": "3.31.2",
      "resolved": "https://registry.npmjs.org/@tiptap/starter-kit/-/starter-kit-3.31.2.tgz",
      "integrity": "sha512-oMw5Kxcqkp/ehfHVxBhJ8L4MK/yaPF55H4hU74kLzVT9G1lRYz22hHAOF3s8NJ4dDf6GUXvKnfXMNLsypaR07Q==",
      "license": "MIT",
      "dependencies": {
        "@tiptap/core": "3.31.2",
        "@tiptap/extension-blockquote": "3.31.2",
        "@tiptap/extension-bold": "3.31.2",
        "@tiptap/extension-bullet-list": "3.31.2",
        "@tiptap/extension-code": "3.31.2",
        "@tiptap/extension-code-block": "3.31.2",
        "@tiptap/extension-document": "3.31.2",
        "@tiptap/extension-dropcursor": "3.31.2",
        "@tiptap/extension-gapcursor": "3.31.2",
        "@tiptap/extension-hard-break": "3.31.2",
        "@tiptap/extension-heading": "3.31.2",
        "@tiptap/extension-horizontal-rule": "3.31.2",
        "@tiptap/extension-italic": "3.31.2",
        "@tiptap/extension-link": "3.31.2",
        "@tiptap/extension-list": "3.31.2",
        "@tiptap/extension-list-item": "3.31.2",
        "@tiptap/extension-list-keymap": "3.31.2",
        "@tiptap/extension-ordered-list": "3.31.2",
        "@tiptap/extension-paragraph": "3.31.2",
        "@tiptap/extension-strike": "3.31.2",
        "@tiptap/extension-text": "3.31.2",
        "@tiptap/extension-underline": "3.31.2",
        "@tiptap/extensions": "3.31.2",
        "@tiptap/pm": "3.31.2"
      },
      "funding": {
        "type": "github",
        "url": "https://github.com/sponsors/ueberdosis"
      }
    },
    "node_modules/@types/node": {
      "version": "26.4.1",
      "resolved": "https://registry.npmjs.org/@types/node/-/node-26.4.1.tgz",
      "integrity": "sha512-k97ENvZWtvA6yqz5/FS6a7duDgOPEeOQOc2iKS/nY6mX6qJUKtLnWzQS+Xj6tXweyj6ZcTAK2Qecetnvi9nCLA==",
      "license": "MIT",
      "dependencies": {
        "undici-types": "~8.3.0"
      }
    },
    "node_modules/@types/trusted-types": {
      "version": "2.0.7",
      "resolved": "https://registry.npmjs.org/@types/trusted-types/-/trusted-types-2.0.7.tgz",
      "integrity": "sha512-ScaPdn1dQczgbl0QFTeTOmVHFULt394XJgOQNoyVhZ6r2vLnMLJfBPd53SB52T/3G36VI1/g2MZaX0cwDuXsfw==",
      "license": "MIT"
    },
    "node_modules/@types/whatwg-mimetype": {
      "version": "3.0.2",
      "resolved": "https://registry.npmjs.org/@types/whatwg-mimetype/-/whatwg-mimetype-3.0.2.tgz",
      "integrity": "sha512-c2AKvDT8ToxLIOUlN51gTiHXflsfIFisS4pO7pDPoKouJCESkhZnEy623gwP9laCy5lnLDAw1vAzu2vM2YLOrA==",
      "license": "MIT"
    },
    "node_modules/@types/ws": {
      "version": "8.18.1",
      "resolved": "https://registry.npmjs.org/@types/ws/-/ws-8.18.1.tgz",
      "integrity": "sha512-ThVF6DCVhA8kUGy+aazFQ4kXQ7E1Ty7A3ypFOe0IcJV8O/M511G99AW24irKrW56Wt44yG9+ij8FaqoBGkuBXg==",
      "license": "MIT",
      "dependencies": {
        "@types/node": "*"
      }
    },
    "node_modules/buffer-image-size": {
      "version": "0.6.4",
      "resolved": "https://registry.npmjs.org/buffer-image-size/-/buffer-image-size-0.6.4.tgz",
      "integrity": "sha512-nEh+kZOPY1w+gcCMobZ6ETUp9WfibndnosbpwB1iJk/8Gt5ZF2bhS6+B6bPYz424KtwsR6Rflc3tCz1/ghX2dQ==",
      "license": "MIT",
      "dependencies": {
        "@types/node": "*"
      },
      "engines": {
        "node": ">=4.0"
      }
    },
    "node_modules/entities": {
      "version": "7.0.1",
      "resolved": "https://registry.npmjs.org/entities/-/entities-7.0.1.tgz",
      "integrity": "sha512-TWrgLOFUQTH994YUyl1yT4uyavY5nNB5muff+RtWaqNVCAK408b5ZnnbNAUEWLTCpum9w6arT70i1XdQ4UeOPA==",
      "license": "BSD-2-Clause",
      "engines": {
        "node": ">=0.12"
      },
      "funding": {
        "url": "https://github.com/fb55/entities?sponsor=1"
      }
    },
    "node_modules/happy-dom": {
      "version": "20.13.2",
      "resolved": "https://registry.npmjs.org/happy-dom/-/happy-dom-20.13.2.tgz",
      "integrity": "sha512-VC9HoEaT3Jf3K/1g/GjMYGAZCCg+ULgGVcXJlAeSzdTj8mIoPJRp14KVclP5gpUcF/kauuaVB2ri2/WxXbl4vg==",
      "license": "MIT",
      "dependencies": {
        "@types/node": ">=20.0.0",
        "@types/whatwg-mimetype": "^3.0.2",
        "@types/ws": "^8.18.1",
        "buffer-image-size": "^0.6.4",
        "entities": "^7.0.1",
        "whatwg-mimetype": "^3.0.0",
        "ws": "^8.21.0"
      },
      "engines": {
        "node": ">=20.0.0"
      }
    },
    "node_modules/lexical": {
      "version": "0.50.0",
      "resolved": "https://registry.npmjs.org/lexical/-/lexical-0.50.0.tgz",
      "integrity": "sha512-m/uySKGi66CEjCjIvmMeLjLgMnckCKAQn1ynFGj+YJfjlr6KtkodH/dpFL+hdLDqqEZHhR75EP64J96MNIMwDw==",
      "license": "MIT",
      "dependencies": {
        "@lexical/internal": "0.50.0"
      },
      "peerDependencies": {
        "typescript": ">=5.2"
      },
      "peerDependenciesMeta": {
        "typescript": {
          "optional": true
        }
      }
    },
    "node_modules/linkifyjs": {
      "version": "4.3.3",
      "resolved": "https://registry.npmjs.org/linkifyjs/-/linkifyjs-4.3.3.tgz",
      "integrity": "sha512-P8aEP5U/D1/IlTY2OeYsErdwh9bGuLE30NcXtKEjgdHcahveQoQwM2yZNsioQHsWFz0P7KKudisbrzCgR0sDHg==",
      "license": "MIT"
    },
    "node_modules/marked": {
      "version": "17.0.6",
      "resolved": "https://registry.npmjs.org/marked/-/marked-17.0.6.tgz",
      "integrity": "sha512-gB0gkNafnonOw0obSTEGZTT86IuhILt2Wfx0mWH/1Au83kybTayroZ/V6nS25mN7u8ASy+5fMhgB3XPNrOZdmA==",
      "license": "MIT",
      "bin": {
        "marked": "bin/marked.js"
      },
      "engines": {
        "node": ">= 20"
      }
    },
    "node_modules/orderedmap": {
      "version": "2.1.1",
      "resolved": "https://registry.npmjs.org/orderedmap/-/orderedmap-2.1.1.tgz",
      "integrity": "sha512-TvAWxi0nDe1j/rtMcWcIj94+Ffe6n7zhow33h40SKxmsmozs6dz/e+EajymfoFcHd7sxNn8yHM8839uixMOV6g==",
      "license": "MIT"
    },
    "node_modules/prismjs": {
      "version": "1.30.0",
      "resolved": "https://registry.npmjs.org/prismjs/-/prismjs-1.30.0.tgz",
      "integrity": "sha512-DEvV2ZF2r2/63V+tK8hQvrR2ZGn10srHbXviTlcv7Kpzw8jWiNTqbVgjO3IY8RxrrOUF8VPMQQFysYYYv0YZxw==",
      "license": "MIT",
      "engines": {
        "node": ">=6"
      }
    },
    "node_modules/prosemirror-changeset": {
      "version": "2.4.2",
      "resolved": "https://registry.npmjs.org/prosemirror-changeset/-/prosemirror-changeset-2.4.2.tgz",
      "integrity": "sha512-ViYrjMSg3YFiXwIhKaluu+/mi3Yrxt6AR8ri14ulTaGcZtXO1CThl7A2gv79qx5fQnOw8woKwyBU2u+9PVCm3w==",
      "license": "MIT",
      "dependencies": {
        "prosemirror-transform": "^1.0.0"
      }
    },
    "node_modules/prosemirror-commands": {
      "version": "1.7.2",
      "resolved": "https://registry.npmjs.org/prosemirror-commands/-/prosemirror-commands-1.7.2.tgz",
      "integrity": "sha512-q6Q6szxqdu9Xd6EcdKsqXghu5nQdZTpB4Q9yd04WRc7/jt763e/rT60Owh0L1GYY+T46o5rD+9lEN36dZS43tw==",
      "license": "MIT",
      "dependencies": {
        "prosemirror-model": "^1.0.0",
        "prosemirror-state": "^1.0.0",
        "prosemirror-transform": "^1.10.2"
      }
    },
    "node_modules/prosemirror-dropcursor": {
      "version": "1.8.3",
      "resolved": "https://registry.npmjs.org/prosemirror-dropcursor/-/prosemirror-dropcursor-1.8.3.tgz",
      "integrity": "sha512-FoYbsJR8gK+DGlqhNoE29Loa38eIZPzQRIb1VMaDNBoo4OLP6vVof/jR8qFY/6XvUd6Dhug8MDCHl2a/h8RTfQ==",
      "license": "MIT",
      "dependencies": {
        "prosemirror-state": "^1.0.0",
        "prosemirror-transform": "^1.1.0",
        "prosemirror-view": "^1.1.0"
      }
    },
    "node_modules/prosemirror-gapcursor": {
      "version": "1.4.1",
      "resolved": "https://registry.npmjs.org/prosemirror-gapcursor/-/prosemirror-gapcursor-1.4.1.tgz",
      "integrity": "sha512-pMdYaEnjNMSwl11yjEGtgTmLkR08m/Vl+Jj443167p9eB3HVQKhYCc4gmHVDsLPODfZfjr/MmirsdyZziXbQKw==",
      "license": "MIT",
      "dependencies": {
        "prosemirror-keymap": "^1.0.0",
        "prosemirror-model": "^1.0.0",
        "prosemirror-state": "^1.0.0",
        "prosemirror-view": "^1.0.0"
      }
    },
    "node_modules/prosemirror-history": {
      "version": "1.5.0",
      "resolved": "https://registry.npmjs.org/prosemirror-history/-/prosemirror-history-1.5.0.tgz",
      "integrity": "sha512-zlzTiH01eKA55UAf1MEjtssJeHnGxO0j4K4Dpx+gnmX9n+SHNlDqI2oO1Kv1iPN5B1dm5fsljCfqKF9nFL6HRg==",
      "license": "MIT",
      "dependencies": {
        "prosemirror-state": "^1.2.2",
        "prosemirror-transform": "^1.0.0",
        "prosemirror-view": "^1.31.0",
        "rope-sequence": "^1.3.0"
      }
    },
    "node_modules/prosemirror-inputrules": {
      "version": "1.5.1",
      "resolved": "https://registry.npmjs.org/prosemirror-inputrules/-/prosemirror-inputrules-1.5.1.tgz",
      "integrity": "sha512-7wj4uMjKaXWAQ1CDgxNzNtR9AlsuwzHfdFH1ygEHA2KHF2DOEaXl1CJfNPAKCg9qNEh4rum975QLaCiQPyY6Fw==",
      "license": "MIT",
      "dependencies": {
        "prosemirror-state": "^1.0.0",
        "prosemirror-transform": "^1.0.0"
      }
    },
    "node_modules/prosemirror-keymap": {
      "version": "1.2.3",
      "resolved": "https://registry.npmjs.org/prosemirror-keymap/-/prosemirror-keymap-1.2.3.tgz",
      "integrity": "sha512-4HucRlpiLd1IPQQXNqeo81BGtkY8Ai5smHhKW9jjPKRc2wQIxksg7Hl1tTI2IfT2B/LgX6bfYvXxEpJl7aKYKw==",
      "license": "MIT",
      "dependencies": {
        "prosemirror-state": "^1.0.0",
        "w3c-keyname": "^2.2.0"
      }
    },
    "node_modules/prosemirror-model": {
      "version": "1.25.11",
      "resolved": "https://registry.npmjs.org/prosemirror-model/-/prosemirror-model-1.25.11.tgz",
      "integrity": "sha512-QWg9RhnpLlogAmp3p96uEFrE5txQpFynd4vhBAELkwgOCWQs/X0yCzB3/hrHqiPwf91RG5KyWq6553zs9JqIOQ==",
      "license": "MIT",
      "dependencies": {
        "orderedmap": "^2.0.0"
      }
    },
    "node_modules/prosemirror-schema-list": {
      "version": "1.5.1",
      "resolved": "https://registry.npmjs.org/prosemirror-schema-list/-/prosemirror-schema-list-1.5.1.tgz",
      "integrity": "sha512-927lFx/uwyQaGwJxLWCZRkjXG0p48KpMj6ueoYiu4JX05GGuGcgzAy62dfiV8eFZftgyBUvLx76RsMe20fJl+Q==",
      "license": "MIT",
      "dependencies": {
        "prosemirror-model": "^1.0.0",
        "prosemirror-state": "^1.0.0",
        "prosemirror-transform": "^1.7.3"
      }
    },
    "node_modules/prosemirror-state": {
      "version": "1.4.4",
      "resolved": "https://registry.npmjs.org/prosemirror-state/-/prosemirror-state-1.4.4.tgz",
      "integrity": "sha512-6jiYHH2CIGbCfnxdHbXZ12gySFY/fz/ulZE333G6bPqIZ4F+TXo9ifiR86nAHpWnfoNjOb3o5ESi7J8Uz1jXHw==",
      "license": "MIT",
      "dependencies": {
        "prosemirror-model": "^1.0.0",
        "prosemirror-transform": "^1.0.0",
        "prosemirror-view": "^1.27.0"
      }
    },
    "node_modules/prosemirror-tables": {
      "version": "1.8.5",
      "resolved": "https://registry.npmjs.org/prosemirror-tables/-/prosemirror-tables-1.8.5.tgz",
      "integrity": "sha512-V/0cDCsHKHe/tfWkeCmthNUcEp1IVO3p6vwN8XtwE9PZQLAZJigbw3QoraAdfJPir4NKJtNvOB8oYGKRl+t0Dw==",
      "license": "MIT",
      "dependencies": {
        "prosemirror-keymap": "^1.2.3",
        "prosemirror-model": "^1.25.4",
        "prosemirror-state": "^1.4.4",
        "prosemirror-transform": "^1.10.5",
        "prosemirror-view": "^1.41.4"
      }
    },
    "node_modules/prosemirror-transform": {
      "version": "1.12.1",
      "resolved": "https://registry.npmjs.org/prosemirror-transform/-/prosemirror-transform-1.12.1.tgz",
      "integrity": "sha512-t4F5615FycnCqsX7ShTUs8+jfnwcf46kuFRvSl/3qFx2QTZ4DjgowesLHQXcFP7G//TjesqZG3WtgL7vdyVJyA==",
      "license": "MIT",
      "dependencies": {
        "prosemirror-model": "^1.21.0"
      }
    },
    "node_modules/prosemirror-view": {
      "version": "1.42.3",
      "resolved": "https://registry.npmjs.org/prosemirror-view/-/prosemirror-view-1.42.3.tgz",
      "integrity": "sha512-oTN7EtH+CpwxU9NrwEYWd0UZ4JUx7l048l5A2Xppm4p/60isZYLnth9QVQmC3VRIvdrIWCxwZSd+Uz791G31/w==",
      "license": "MIT",
      "dependencies": {
        "prosemirror-model": "^1.25.8",
        "prosemirror-state": "^1.0.0",
        "prosemirror-transform": "^1.1.0"
      }
    },
    "node_modules/rope-sequence": {
      "version": "1.3.4",
      "resolved": "https://registry.npmjs.org/rope-sequence/-/rope-sequence-1.3.4.tgz",
      "integrity": "sha512-UT5EDe2cu2E/6O4igUr5PSFs23nvvukicWHx6GnOPlHAiiYbzNuCRQCuiUdHJQcqKalLKlrYJnjY0ySGsXNQXQ==",
      "license": "MIT"
    },
    "node_modules/undici-types": {
      "version": "8.3.0",
      "resolved": "https://registry.npmjs.org/undici-types/-/undici-types-8.3.0.tgz",
      "integrity": "sha512-j375ScV60dom+YkPFIfTLcOiPxkN/buHz5GobjLhixFuANaNs3C9l4GmrWqejgXWJ7BbJcFYpTEUkS1Ge8bpZQ==",
      "license": "MIT"
    },
    "node_modules/w3c-keyname": {
      "version": "2.2.8",
      "resolved": "https://registry.npmjs.org/w3c-keyname/-/w3c-keyname-2.2.8.tgz",
      "integrity": "sha512-dpojBhNsCNN7T82Tm7k26A6G9ML3NkhDsnw9n/eoxSRlVBB4CEtIQ/KTCLI2Fwf3ataSXRhYFkQi3SlnFwPvPQ==",
      "license": "MIT"
    },
    "node_modules/whatwg-mimetype": {
      "version": "3.0.0",
      "resolved": "https://registry.npmjs.org/whatwg-mimetype/-/whatwg-mimetype-3.0.0.tgz",
      "integrity": "sha512-nt+N2dzIutVRxARx1nghPKGv1xHikU7HKdfafKkLNLindmPU/ch3U31NOCGGA/dmPcmb1VlofO0vnKAcsm0o/Q==",
      "license": "MIT",
      "engines": {
        "node": ">=12"
      }
    },
    "node_modules/ws": {
      "version": "8.21.3",
      "resolved": "https://registry.npmjs.org/ws/-/ws-8.21.3.tgz",
      "integrity": "sha512-201TZ/kPWxoPr/OKWjquZR1SWKXcvxdH+e1xrx89b3YbmzLMFCLfnaG1HFIgWzJOEWZ7MvpK++odZufgYR50Rw==",
      "license": "MIT",
      "engines": {
        "node": ">=10.0.0"
      },
      "peerDependencies": {
        "bufferutil": "^4.0.1",
        "utf-8-validate": ">=5.0.2"
      },
      "peerDependenciesMeta": {
        "bufferutil": {
          "optional": true
        },
        "utf-8-validate": {
          "optional": true
        }
      }
    }
  }
}
